
Microsoft Visual Studio Solution File, Format Version 12.00
# Visual Studio Version 16
VisualStudioVersion = 16.0.31313.79
MinimumVisualStudioVersion = 10.0.40219.1
Project("{9A19103F-16F7-4668-BE54-9A1E7A4F7556}") = "Algorithm", "Algorithm\Algorithm.csproj", "{1F05D3CD-1067-4F1F-B2BD-2C5882EB309B}"
EndProject
Project("{9A19103F-16F7-4668-BE54-9A1E7A4F7556}") = "Sort", "Sort\Sort.csproj", "{E5F554E4-CF15-4373-B237-CAE89A997A02}"
EndProject
Project("{9A19103F-16F7-4668-BE54-9A1E7A4F7556}") = "StdDraw", "StdDraw\StdDraw.csproj", "{7E7BF0ED-BB67-4733-8547-0FF1368A64D1}"
EndProject
Project("{9A19103F-16F7-4668-BE54-9A1E7A4F7556}") = "StdRandom", "StdRandom\StdRandom.csproj", "{65E5E319-0C1D-48A3-B83D-631E37F850B8}"
EndProject
Project("{9A19103F-16F7-4668-BE54-9A1E7A4F7556}") = "ST", "ST\ST.csproj", "{5A686C90-F93B-441C-8D93-7CDA24389A6E}"
EndProject
Project("{9A19103F-16F7-4668-BE54-9A1E7A4F7556}") = "Graph", "Graph\Graph.csproj", "{A80D0A99-D526-47A4-8712-6C82990D0C0F}"
EndProject
Project("{9A19103F-16F7-4668-BE54-9A1E7A4F7556}") = "STNUnit", "STNUnit\STNUnit.csproj", "{010835EE-8BF4-4E8A-ADF1-458FA1378EB0}"
EndProject
Project("{9A19103F-16F7-4668-BE54-9A1E7A4F7556}") = "GraphNUnit", "GraphTest\GraphNUnit.csproj", "{1DBC3F7B-D361-4507-8CFF-BF2DBDEFCA83}"
EndProject
Project("{9A19103F-16F7-4668-BE54-9A1E7A4F7556}") = "SortNUnit", "SortNUnit\SortNUnit.csproj", "{8A9AE654-DCBC-464D-8721-74C796B81CB2}"
EndProject
Project("{9A19103F-16F7-4668-BE54-9A1E7A4F7556}") = "StdIO", "StdIO\StdIO.csproj", "{35B85370-7D78-4F69-A448-D2971EFE0CF0}"
EndProject
Global
	GlobalSection(SolutionConfigurationPlatforms) = preSolution
		Debug|Any CPU = Debug|Any CPU
		Release|Any CPU = Release|Any CPU
	EndGlobalSection
	GlobalSection(ProjectConfigurationPlatforms) = postSolution
		{1F05D3CD-1067-4F1F-B2BD-2C5882EB309B}.Debug|Any CPU.ActiveCfg = Debug|Any CPU
		{1F05D3CD-1067-4F1F-B2BD-2C5882EB309B}.Debug|Any CPU.Build.0 = Debug|Any CPU
		{1F05D3CD-1067-4F1F-B2BD-2C5882EB309B}.Release|Any CPU.ActiveCfg = Release|Any CPU
		{1F05D3CD-1067-4F1F-B2BD-2C5882EB309B}.Release|Any CPU.Build.0 = Release|Any CPU
		{E5F554E4-CF15-4373-B237-CAE89A997A02}.Debug|Any CPU.ActiveCfg = Debug|Any CPU
		{E5F554E4-CF15-4373-B237-CAE89A997A02}.Debug|Any CPU.Build.0 = Debug|Any CPU
		{E5F554E4-CF15-4373-B237-CAE89A997A02}.Release|Any CPU.ActiveCfg = Release|Any CPU
		{E5F554E4-CF15-4373-B237-CAE89A997A02}.Release|Any CPU.Build.0 = Release|Any CPU
		{7E7BF0ED-BB67-4733-8547-0FF1368A64D1}.Debug|Any CPU.ActiveCfg = Debug|Any CPU
		{7E7BF0ED-BB67-4733-8547-0FF1368A64D1}.Debug|Any CPU.Build.0 = Debug|Any CPU
		{7E7BF0ED-BB67-4733-8547-0FF1368A64D1}.Release|Any CPU.ActiveCfg = Release|Any CPU
		{7E7BF0ED-BB67-4733-8547-0FF1368A64D1}.Release|Any CPU.Build.0 = Release|Any CPU
		{65E5E319-0C1D-48A3-B83D-631E37F850B8}.Debug|Any CPU.ActiveCfg = Debug|Any CPU
		{65E5E319-0C1D-48A3-B83D-631E37F850B8}.Debug|Any CPU.Build.0 = Debug|Any CPU
		{65E5E319-0C1D-48A3-B83D-631E37F850B8}.Release|Any CPU.ActiveCfg = Release|Any CPU
		{65E5E319-0C1D-48A3-B83D-631E37F850B8}.Release|Any CPU.Build.0 = Release|Any CPU
		{5A686C90-F93B-441C-8D93-7CDA24389A6E}.Debug|Any CPU.ActiveCfg = Debug|Any CPU
		{5A686C90-F93B-441C-8D93-7CDA24389A6E}.Debug|Any CPU.Build.0 = Debug|Any CPU
		{5A686C90-F93B-441C-8D93-7CDA24389A6E}.Release|Any CPU.ActiveCfg = Release|Any CPU
		{5A686C90-F93B-441C-8D93-7CDA24389A6E}.Release|Any CPU.Build.0 = Release|Any CPU
		{A80D0A99-D526-47A4-8712-6C82990D0C0F}.Debug|Any CPU.ActiveCfg = Debug|Any CPU
		{A80D0A99-D526-47A4-8712-6C82990D0C0F}.Debug|Any CPU.Build.0 = Debug|Any CPU
		{A80D0A99-D526-47A4-8712-6C82990D0C0F}.Release|Any CPU.ActiveCfg = Release|Any CPU
		{A80D0A99-D526-47A4-8712-6C82990D0C0F}.Release|Any CPU.Build.0 = Release|Any CPU
		{010835EE-8BF4-4E8A-ADF1-458FA1378EB0}.Debug|Any CPU.ActiveCfg = Debug|Any CPU
		{010835EE-8BF4-4E8A-ADF1-458FA1378EB0}.Debug|Any CPU.Build.0 = Debug|Any CPU
		{010835EE-8BF4-4E8A-ADF1-458FA1378EB0}.Release|Any CPU.ActiveCfg = Release|Any CPU
		{010835EE-8BF4-4E8A-ADF1-458FA1378EB0}.Release|Any CPU.Build.0 = Release|Any CPU
		{1DBC3F7B-D361-4507-8CFF-BF2DBDEFCA83}.Debug|Any CPU.ActiveCfg = Debug|Any CPU
		{1DBC3F7B-D361-4507-8CFF-BF2DBDEFCA83}.Debug|Any CPU.Build.0 = Debug|Any CPU
		{1DBC3F7B-D361-4507-8CFF-BF2DBDEFCA83}.Release|Any CPU.ActiveCfg = Release|Any CPU
		{1DBC3F7B-D361-4507-8CFF-BF2DBDEFCA83}.Release|Any CPU.Build.0 = Release|Any CPU
		{8A9AE654-DCBC-464D-8721-74C796B81CB2}.Debug|Any CPU.ActiveCfg = Debug|Any CPU
		{8A9AE654-DCBC-464D-8721-74C796B81CB2}.Debug|Any CPU.Build.0 = Debug|Any CPU
		{8A9AE654-DCBC-464D-8721-74C796B81CB2}.Release|Any CPU.ActiveCfg = Release|Any CPU
		{8A9AE654-DCBC-464D-8721-74C796B81CB2}.Release|Any CPU.Build.0 = Release|Any CPU
		{35B85370-7D78-4F69-A448-D2971EFE0CF0}.Debug|Any CPU.ActiveCfg = Debug|Any CPU
		{35B85370-7D78-4F69-A448-D2971EFE0CF0}.Debug|Any CPU.Build.0 = Debug|Any CPU
		{35B85370-7D78-4F69-A448-D2971EFE0CF0}.Release|Any CPU.ActiveCfg = Release|Any CPU
		{35B85370-7D78-4F69-A448-D2971EFE0CF0}.Release|Any CPU.Build.0 = Release|Any CPU
	EndGlobalSection
	GlobalSection(SolutionProperties) = preSolution
		HideSolutionNode = FALSE
	EndGlobalSection
	GlobalSection(ExtensibilityGlobals) = postSolution
		SolutionGuid = {8112CC39-A142-4B78-8254-0FAAE7738ED5}
	EndGlobalSection
EndGlobal
